
Microsoft Visual Studio Solution File, Format Version 12.00
Project("{FAE04EC0-301F-11D3-BF4B-00C04F79EFBC}") = "PostgreSQLDistributedLock", "PostgreSQLDistributedLock\PostgreSQLDistributedLock.csproj", "{CFB4D8AA-4918-4994-AE6A-E0CD36FDD5FC}"
EndProject
Project("{2150E333-8FDC-42A3-9474-1A3956D46DE8}") = "Solution Items", "Solution Items", "{D7E5B2CC-BB28-4929-9E39-268C2E7C4CA5}"
ProjectSection(SolutionItems) = preProject
	ReadMe.md = ReadMe.md
EndProjectSection
EndProject
Global
	GlobalSection(SolutionConfigurationPlatforms) = preSolution
		Debug|Any CPU = Debug|Any CPU
		Release|Any CPU = Release|Any CPU
	EndGlobalSection
	GlobalSection(ProjectConfigurationPlatforms) = postSolution
		{CFB4D8AA-4918-4994-AE6A-E0CD36FDD5FC}.Debug|Any CPU.ActiveCfg = Debug|Any CPU
		{CFB4D8AA-4918-4994-AE6A-E0CD36FDD5FC}.Debug|Any CPU.Build.0 = Debug|Any CPU
		{CFB4D8AA-4918-4994-AE6A-E0CD36FDD5FC}.Release|Any CPU.ActiveCfg = Release|Any CPU
		{CFB4D8AA-4918-4994-AE6A-E0CD36FDD5FC}.Release|Any CPU.Build.0 = Release|Any CPU
	EndGlobalSection
EndGlobal
